
Microsoft Visual Studio Solution File, Format Version 12.00
# Visual Studio 15
VisualStudioVersion = 15.0.27906.1
MinimumVisualStudioVersion = 10.0.40219.1
Project("{9A19103F-16F7-4668-BE54-9A1E7A4F7556}") = "ApiGuide", "ApiGuide\ApiGuide.csproj", "{03393ABB-B821-4DC4-8BBB-209F1F27DB03}"
EndProject
Project("{9A19103F-16F7-4668-BE54-9A1E7A4F7556}") = "UnitTestGuide", "UnitTestGuide\UnitTestGuide.csproj", "{0E172B3F-7477-4D45-A788-A84743A022DA}"
EndProject
Project("{9A19103F-16F7-4668-BE54-9A1E7A4F7556}") = "Bussiness", "Bussiness\Bussiness.csproj", "{D29C5A33-4AC5-4828-8B1A-BC85BF3C1898}"
EndProject
Project("{9A19103F-16F7-4668-BE54-9A1E7A4F7556}") = "Contract", "Contract\Contract.csproj", "{D2CB2C51-6A8B-4831-B0C0-C2C4C3C0685A}"
EndProject
Project("{9A19103F-16F7-4668-BE54-9A1E7A4F7556}") = "ClientPro", "IdentityPro\ClientPro.csproj", "{73A7C7E9-FB3F-4ADA-AD6B-C2D862756E78}"
EndProject
Project("{FAE04EC0-301F-11D3-BF4B-00C04F79EFBC}") = "IdentifyPro", "IdentifyPro\IdentifyPro.csproj", "{8C5E5B44-3ED3-4065-95EC-9042D4A8010A}"
EndProject
Global
	GlobalSection(SolutionConfigurationPlatforms) = preSolution
		Debug|Any CPU = Debug|Any CPU
		Release|Any CPU = Release|Any CPU
	EndGlobalSection
	GlobalSection(ProjectConfigurationPlatforms) = postSolution
		{03393ABB-B821-4DC4-8BBB-209F1F27DB03}.Debug|Any CPU.ActiveCfg = Debug|Any CPU
		{03393ABB-B821-4DC4-8BBB-209F1F27DB03}.Debug|Any CPU.Build.0 = Debug|Any CPU
		{03393ABB-B821-4DC4-8BBB-209F1F27DB03}.Release|Any CPU.ActiveCfg = Release|Any CPU
		{03393ABB-B821-4DC4-8BBB-209F1F27DB03}.Release|Any CPU.Build.0 = Release|Any CPU
		{0E172B3F-7477-4D45-A788-A84743A022DA}.Debug|Any CPU.ActiveCfg = Debug|Any CPU
		{0E172B3F-7477-4D45-A788-A84743A022DA}.Debug|Any CPU.Build.0 = Debug|Any CPU
		{0E172B3F-7477-4D45-A788-A84743A022DA}.Release|Any CPU.ActiveCfg = Release|Any CPU
		{0E172B3F-7477-4D45-A788-A84743A022DA}.Release|Any CPU.Build.0 = Release|Any CPU
		{D29C5A33-4AC5-4828-8B1A-BC85BF3C1898}.Debug|Any CPU.ActiveCfg = Debug|Any CPU
		{D29C5A33-4AC5-4828-8B1A-BC85BF3C1898}.Debug|Any CPU.Build.0 = Debug|Any CPU
		{D29C5A33-4AC5-4828-8B1A-BC85BF3C1898}.Release|Any CPU.ActiveCfg = Release|Any CPU
		{D29C5A33-4AC5-4828-8B1A-BC85BF3C1898}.Release|Any CPU.Build.0 = Release|Any CPU
		{D2CB2C51-6A8B-4831-B0C0-C2C4C3C0685A}.Debug|Any CPU.ActiveCfg = Debug|Any CPU
		{D2CB2C51-6A8B-4831-B0C0-C2C4C3C0685A}.Debug|Any CPU.Build.0 = Debug|Any CPU
		{D2CB2C51-6A8B-4831-B0C0-C2C4C3C0685A}.Release|Any CPU.ActiveCfg = Release|Any CPU
		{D2CB2C51-6A8B-4831-B0C0-C2C4C3C0685A}.Release|Any CPU.Build.0 = Release|Any CPU
		{73A7C7E9-FB3F-4ADA-AD6B-C2D862756E78}.Debug|Any CPU.ActiveCfg = Debug|Any CPU
		{73A7C7E9-FB3F-4ADA-AD6B-C2D862756E78}.Debug|Any CPU.Build.0 = Debug|Any CPU
		{73A7C7E9-FB3F-4ADA-AD6B-C2D862756E78}.Release|Any CPU.ActiveCfg = Release|Any CPU
		{73A7C7E9-FB3F-4ADA-AD6B-C2D862756E78}.Release|Any CPU.Build.0 = Release|Any CPU
		{8C5E5B44-3ED3-4065-95EC-9042D4A8010A}.Debug|Any CPU.ActiveCfg = Debug|Any CPU
		{8C5E5B44-3ED3-4065-95EC-9042D4A8010A}.Debug|Any CPU.Build.0 = Debug|Any CPU
		{8C5E5B44-3ED3-4065-95EC-9042D4A8010A}.Release|Any CPU.ActiveCfg = Release|Any CPU
		{8C5E5B44-3ED3-4065-95EC-9042D4A8010A}.Release|Any CPU.Build.0 = Release|Any CPU
	EndGlobalSection
	GlobalSection(SolutionProperties) = preSolution
		HideSolutionNode = FALSE
	EndGlobalSection
	GlobalSection(ExtensibilityGlobals) = postSolution
		SolutionGuid = {907A07F9-D85B-4F79-967A-6AC73A52D014}
	EndGlobalSection
EndGlobal
